
Microsoft Visual Studio Solution File, Format Version 12.00
# Visual Studio 15
Project("{FAE04EC0-301F-11D3-BF4B-00C04F79EFBC}") = "Assembly-CSharp", "Assembly-CSharp.csproj", "{22ADBC43-0D14-18C5-594A-764C2BB1F5D6}"
EndProject
<<<<<<< HEAD
=======
Project("{FAE04EC0-301F-11D3-BF4B-00C04F79EFBC}") = "Unity.2D.Tilemap.Extras", "Unity.2D.Tilemap.Extras.csproj", "{C71C9760-F9DF-E694-68A9-7316935CF283}"
EndProject
Project("{FAE04EC0-301F-11D3-BF4B-00C04F79EFBC}") = "Unity.2D.Tilemap.Extras.Editor", "Unity.2D.Tilemap.Extras.Editor.csproj", "{6E9EA3B6-614E-7560-2B21-2FC49ED0FDB8}"
EndProject
>>>>>>> b318fbea37ce90462a144130396f4a1ac5f308e7
Global
	GlobalSection(SolutionConfigurationPlatforms) = preSolution
		Debug|Any CPU = Debug|Any CPU
		Release|Any CPU = Release|Any CPU
	EndGlobalSection
	GlobalSection(ProjectConfigurationPlatforms) = postSolution
<<<<<<< HEAD
		{43bcad22-140d-c518-594a-764c2bb1f5d6}.Debug|Any CPU.ActiveCfg = Debug|Any CPU
		{43bcad22-140d-c518-594a-764c2bb1f5d6}.Debug|Any CPU.Build.0 = Debug|Any CPU
=======
		{22ADBC43-0D14-18C5-594A-764C2BB1F5D6}.Debug|Any CPU.ActiveCfg = Debug|Any CPU
		{22ADBC43-0D14-18C5-594A-764C2BB1F5D6}.Debug|Any CPU.Build.0 = Debug|Any CPU
		{22ADBC43-0D14-18C5-594A-764C2BB1F5D6}.Release|Any CPU.ActiveCfg = Release|Any CPU
		{22ADBC43-0D14-18C5-594A-764C2BB1F5D6}.Release|Any CPU.Build.0 = Release|Any CPU
		{C71C9760-F9DF-E694-68A9-7316935CF283}.Debug|Any CPU.ActiveCfg = Debug|Any CPU
		{C71C9760-F9DF-E694-68A9-7316935CF283}.Debug|Any CPU.Build.0 = Debug|Any CPU
		{C71C9760-F9DF-E694-68A9-7316935CF283}.Release|Any CPU.ActiveCfg = Release|Any CPU
		{C71C9760-F9DF-E694-68A9-7316935CF283}.Release|Any CPU.Build.0 = Release|Any CPU
		{6E9EA3B6-614E-7560-2B21-2FC49ED0FDB8}.Debug|Any CPU.ActiveCfg = Debug|Any CPU
		{6E9EA3B6-614E-7560-2B21-2FC49ED0FDB8}.Debug|Any CPU.Build.0 = Debug|Any CPU
		{6E9EA3B6-614E-7560-2B21-2FC49ED0FDB8}.Release|Any CPU.ActiveCfg = Release|Any CPU
		{6E9EA3B6-614E-7560-2B21-2FC49ED0FDB8}.Release|Any CPU.Build.0 = Release|Any CPU
>>>>>>> b318fbea37ce90462a144130396f4a1ac5f308e7
	EndGlobalSection
	GlobalSection(SolutionProperties) = preSolution
		HideSolutionNode = FALSE
	EndGlobalSection
EndGlobal
